
Microsoft Visual Studio Solution File, Format Version 12.00
# Visual Studio 2012
Project("{FAE04EC0-301F-11D3-BF4B-00C04F79EFBC}") = "GeckoExample", "GeckoExample\GeckoExample.csproj", "{C8D84924-4BF2-443D-9CE5-17BE60F99CE6}"
EndProject
Global
	GlobalSection(SolutionConfigurationPlatforms) = preSolution
		Debug|Any CPU = Debug|Any CPU
		Release|Any CPU = Release|Any CPU
	EndGlobalSection
	GlobalSection(ProjectConfigurationPlatforms) = postSolution
		{C8D84924-4BF2-443D-9CE5-17BE60F99CE6}.Debug|Any CPU.ActiveCfg = Debug|Any CPU
		{C8D84924-4BF2-443D-9CE5-17BE60F99CE6}.Debug|Any CPU.Build.0 = Debug|Any CPU
		{C8D84924-4BF2-443D-9CE5-17BE60F99CE6}.Release|Any CPU.ActiveCfg = Release|Any CPU
		{C8D84924-4BF2-443D-9CE5-17BE60F99CE6}.Release|Any CPU.Build.0 = Release|Any CPU
	EndGlobalSection
	GlobalSection(SolutionProperties) = preSolution
		HideSolutionNode = FALSE
	EndGlobalSection
EndGlobal
